github.com/davecgh/go-spew v1.1.0 h1:ZDRjVQ15GmhC3fiQ8ni8+OwkZQO4DARzQgrnXU1Liz8=
github.com/pmezard/go-difflib v1.0.0 h1:4DBwDE0NGyQoBHbLQYPwSUPoCMWR5BEzIk/f1lZbAQM=
github.com/stretchr/testify v1.7.1 h1:5TQK59W5E3v0r2duFAb7P95B6hEeOyEnHRa8MjYSMTY=
github.com/tschaub/limited v0.2.0 h1:XBjhp4JNhRruzRlU4/RCLGxxSmRPO+rJelpB5EVZYJU=
github.com/tschaub/limited v0.2.0/go.mod h1:MpOH3bHLpfI+6MO7P1DulWY4aXXqKdkUn8v4eMm4xOI=
github.com/tschaub/workgroup v0.2.0 h1:llc29/O3boFokyJkPWL3SFifcnQeD0kIcPtrmtsM0Nw=
github.com/tschaub/workgroup v0.2.0/go.mod h1:UEtjKJmK1+hsGa6zC1sSHC6iZh8GmzesqybVruhdGX8=
golang.org/x/sync v0.0.0-20210220032951-036812b2e83c h1:5KslGYwFpkhGh+Q16bwMP3cOontH8FOep7tGV86Y7SQ=
golang.org/x/sync v0.0.0-20210220032951-036812b2e83c/go.mod h1:RxMgew5VJxzue5/jJTE5uejpjVlOe/izrB70Jof72aM=
gopkg.in/yaml.v3 v3.0.0-20200313102051-9f266ea9e77c h1:dUUwHk2QECo/6vqA44rthZ8ie2QXMNeKRTHCNY2nXvo=
